
Microsoft Visual Studio Solution File, Format Version 12.00
# Visual Studio Version 16
VisualStudioVersion = 16.0.29728.190
MinimumVisualStudioVersion = 10.0.40219.1
Project("{888888A0-9F3D-457C-B088-3A5042F75D52}") = "Tp_chiffrage_hill", "Tp_chiffrage_hill.pyproj", "{7EC48B12-383E-48D2-B34D-58D1CB93A253}"
EndProject
Global
	GlobalSection(SolutionConfigurationPlatforms) = preSolution
		Debug|Any CPU = Debug|Any CPU
		Release|Any CPU = Release|Any CPU
	EndGlobalSection
	GlobalSection(ProjectConfigurationPlatforms) = postSolution
		{7EC48B12-383E-48D2-B34D-58D1CB93A253}.Debug|Any CPU.ActiveCfg = Debug|Any CPU
		{7EC48B12-383E-48D2-B34D-58D1CB93A253}.Release|Any CPU.ActiveCfg = Release|Any CPU
	EndGlobalSection
	GlobalSection(SolutionProperties) = preSolution
		HideSolutionNode = FALSE
	EndGlobalSection
	GlobalSection(ExtensibilityGlobals) = postSolution
		SolutionGuid = {27628442-93FB-4F85-BA9D-3B98185338EA}
	EndGlobalSection
EndGlobal
